
Microsoft Visual Studio Solution File, Format Version 12.00
# Visual Studio Version 17
VisualStudioVersion = 17.8.34330.188
MinimumVisualStudioVersion = 10.0.40219.1
Project("{FAE04EC0-301F-11D3-BF4B-00C04F79EFBC}") = "APIMotos", "APIMotos.csproj", "{9E9BCF9B-71DE-4848-B2CD-265DCC1026C9}"
EndProject
Global
	GlobalSection(SolutionConfigurationPlatforms) = preSolution
		Debug|Any CPU = Debug|Any CPU
		Release|Any CPU = Release|Any CPU
	EndGlobalSection
	GlobalSection(ProjectConfigurationPlatforms) = postSolution
		{9E9BCF9B-71DE-4848-B2CD-265DCC1026C9}.Debug|Any CPU.ActiveCfg = Debug|Any CPU
		{9E9BCF9B-71DE-4848-B2CD-265DCC1026C9}.Debug|Any CPU.Build.0 = Debug|Any CPU
		{9E9BCF9B-71DE-4848-B2CD-265DCC1026C9}.Release|Any CPU.ActiveCfg = Release|Any CPU
		{9E9BCF9B-71DE-4848-B2CD-265DCC1026C9}.Release|Any CPU.Build.0 = Release|Any CPU
	EndGlobalSection
	GlobalSection(SolutionProperties) = preSolution
		HideSolutionNode = FALSE
	EndGlobalSection
	GlobalSection(ExtensibilityGlobals) = postSolution
		SolutionGuid = {ED9C2BCB-CC78-435C-BDF2-F9E8F6860778}
	EndGlobalSection
EndGlobal
